schema: '2.0'
stages:
  data_ingestion:
    cmd: python src/data/data_ingestion.py
    deps:
    - path: src/data/data_ingestion.py
      hash: md5
      md5: 198dfd6856d072a84a27bbfddc9f7aa9
      size: 2835
    outs:
    - path: data/raw
      hash: md5
      md5: 48069108c7230117a3ffe562e414f250.dir
      size: 37369
      nfiles: 2
  data_preprocessing:
    cmd: python src/data/data_preprocessing.py
    deps:
    - path: data/raw
      hash: md5
      md5: 48069108c7230117a3ffe562e414f250.dir
      size: 37369
      nfiles: 2
    - path: src/data/data_preprocessing.py
      hash: md5
      md5: ef1334d78292d66e803d02efafb466cd
      size: 5007
    outs:
    - path: data/processed
      hash: md5
      md5: f499dd475d85aa266ac5afa98309cbe6.dir
      size: 60890
      nfiles: 2
    - path: models/encoder.pkl
      hash: md5
      md5: 6e7a86e3d5c8f02796d8eb4a9b3254d9
      size: 2658
    - path: models/imputer.pkl
      hash: md5
      md5: 7d27ad4a2de5701123aa5ca78fe612a7
      size: 50993
    - path: models/scaler.pkl
      hash: md5
      md5: 0ecc2890c0103c9f6ac7424d9d9c3620
      size: 951
  model_building:
    cmd: python src/model/model_building.py
    deps:
    - path: data/processed
      hash: md5
      md5: f499dd475d85aa266ac5afa98309cbe6.dir
      size: 60890
      nfiles: 2
    - path: src/model/model_building.py
      hash: md5
      md5: 43bae7818b6c6bb501f639fbc9f828c8
      size: 1899
    outs:
    - path: models/model.pkl
      hash: md5
      md5: fd2e6779210493890da0ff797dc9e992
      size: 46708
  model_evaluation:
    cmd: python src/model/model_evaluation.py
    deps:
    - path: data/processed
      hash: md5
      md5: f499dd475d85aa266ac5afa98309cbe6.dir
      size: 60890
      nfiles: 2
    - path: src/model/model_evaluation.py
      hash: md5
      md5: 4ca6b5dc0add0823e90a2abd93d7ab06
      size: 4402
    outs:
    - path: reports/metrics.json
      hash: md5
      md5: 469d3e3d3dbe48d057b6a5b00d13deb4
      size: 132
    - path: reports/model_info.json
      hash: md5
      md5: 7911570e0cd0ac22213648de7b5a01fa
      size: 95
  model_registry:
    cmd: python src/model/register_model.py
    deps:
    - path: reports/model_info.json
      hash: md5
      md5: 7911570e0cd0ac22213648de7b5a01fa
      size: 95
    - path: src/model/register_model.py
      hash: md5
      md5: 31ca96cd535ff621b181d923f2f77cb5
      size: 2145
